
Microsoft Visual Studio Solution File, Format Version 12.00
# Visual Studio 15
VisualStudioVersion = 15.0.26430.6
MinimumVisualStudioVersion = 10.0.40219.1
Project("{FAE04EC0-301F-11D3-BF4B-00C04F79EFBC}") = "TheMarketingPlatform.Core", "TheMarketingPlatform.Core\TheMarketingPlatform.Core.csproj", "{B2E5D50A-85E1-4C46-864C-066C65771D96}"
EndProject
Project("{FAE04EC0-301F-11D3-BF4B-00C04F79EFBC}") = "TheMarketingPlatform.Service", "TheMarketingPlatform.Service\TheMarketingPlatform.Service.csproj", "{4295B16A-7C96-4FC7-9D76-7AC2A107F175}"
EndProject
Project("{00D1A9C2-B5F0-4AF3-8072-F6C62B433612}") = "TheMarketingPlatform.databaseproject", "TheMarketingPlatform.databaseproject\TheMarketingPlatform.databaseproject.sqlproj", "{8F96231B-0E33-4275-921A-43074CF567E5}"
EndProject
Project("{FAE04EC0-301F-11D3-BF4B-00C04F79EFBC}") = "TheMarketingPlatform.Database", "TheMarketingPlatform.Database\TheMarketingPlatform.Database.csproj", "{19B71276-05A3-4765-9351-FCB1B3AA3A3E}"
EndProject
Project("{FAE04EC0-301F-11D3-BF4B-00C04F79EFBC}") = "TheMarketingPlatform.Mail", "TheMarketingPlatform.Mail\TheMarketingPlatform.Mail.csproj", "{5A7796E5-8003-4379-9EB0-E9F64F3644A5}"
EndProject
Global
	GlobalSection(SolutionConfigurationPlatforms) = preSolution
		Debug|Any CPU = Debug|Any CPU
		Release|Any CPU = Release|Any CPU
	EndGlobalSection
	GlobalSection(ProjectConfigurationPlatforms) = postSolution
		{B2E5D50A-85E1-4C46-864C-066C65771D96}.Debug|Any CPU.ActiveCfg = Debug|Any CPU
		{B2E5D50A-85E1-4C46-864C-066C65771D96}.Debug|Any CPU.Build.0 = Debug|Any CPU
		{B2E5D50A-85E1-4C46-864C-066C65771D96}.Release|Any CPU.ActiveCfg = Release|Any CPU
		{B2E5D50A-85E1-4C46-864C-066C65771D96}.Release|Any CPU.Build.0 = Release|Any CPU
		{4295B16A-7C96-4FC7-9D76-7AC2A107F175}.Debug|Any CPU.ActiveCfg = Debug|Any CPU
		{4295B16A-7C96-4FC7-9D76-7AC2A107F175}.Debug|Any CPU.Build.0 = Debug|Any CPU
		{4295B16A-7C96-4FC7-9D76-7AC2A107F175}.Release|Any CPU.ActiveCfg = Release|Any CPU
		{4295B16A-7C96-4FC7-9D76-7AC2A107F175}.Release|Any CPU.Build.0 = Release|Any CPU
		{8F96231B-0E33-4275-921A-43074CF567E5}.Debug|Any CPU.ActiveCfg = Debug|Any CPU
		{8F96231B-0E33-4275-921A-43074CF567E5}.Debug|Any CPU.Build.0 = Debug|Any CPU
		{8F96231B-0E33-4275-921A-43074CF567E5}.Debug|Any CPU.Deploy.0 = Debug|Any CPU
		{8F96231B-0E33-4275-921A-43074CF567E5}.Release|Any CPU.ActiveCfg = Release|Any CPU
		{8F96231B-0E33-4275-921A-43074CF567E5}.Release|Any CPU.Build.0 = Release|Any CPU
		{8F96231B-0E33-4275-921A-43074CF567E5}.Release|Any CPU.Deploy.0 = Release|Any CPU
		{19B71276-05A3-4765-9351-FCB1B3AA3A3E}.Debug|Any CPU.ActiveCfg = Debug|Any CPU
		{19B71276-05A3-4765-9351-FCB1B3AA3A3E}.Debug|Any CPU.Build.0 = Debug|Any CPU
		{19B71276-05A3-4765-9351-FCB1B3AA3A3E}.Release|Any CPU.ActiveCfg = Release|Any CPU
		{19B71276-05A3-4765-9351-FCB1B3AA3A3E}.Release|Any CPU.Build.0 = Release|Any CPU
		{5A7796E5-8003-4379-9EB0-E9F64F3644A5}.Debug|Any CPU.ActiveCfg = Debug|Any CPU
		{5A7796E5-8003-4379-9EB0-E9F64F3644A5}.Debug|Any CPU.Build.0 = Debug|Any CPU
		{5A7796E5-8003-4379-9EB0-E9F64F3644A5}.Release|Any CPU.ActiveCfg = Release|Any CPU
		{5A7796E5-8003-4379-9EB0-E9F64F3644A5}.Release|Any CPU.Build.0 = Release|Any CPU
	EndGlobalSection
	GlobalSection(SolutionProperties) = preSolution
		HideSolutionNode = FALSE
	EndGlobalSection
EndGlobal
